// !$*UTF8*$!
{
	archiveVersion = 1;
	classes = {
	};
	objectVersion = 50;
	objects = {

/* Begin PBXBuildFile section */
		16028AD9253B579D000B0C57 /* main.c in Sources */ = {isa = PBXBuildFile; fileRef = 16028AD8253B579D000B0C57 /* main.c */; };
		16028AE3253B57EF000B0C57 /* SDL2_image.framework in Frameworks */ = {isa = PBXBuildFile; fileRef = 16028AE1253B57EE000B0C57 /* SDL2_image.framework */; };
		16028AE4253B57EF000B0C57 /* SDL2.framework in Frameworks */ = {isa = PBXBuildFile; fileRef = 16028AE2253B57EE000B0C57 /* SDL2.framework */; };
		167E4B39253BCD610091FCEB /* rv.h in Sources */ = {isa = PBXBuildFile; fileRef = 167E4B38253BCD610091FCEB /* rv.h */; };
		167E4B3F253CF2AF0091FCEB /* SDL2_mixer.framework in Frameworks */ = {isa = PBXBuildFile; fileRef = 167E4B3E253CF2AF0091FCEB /* SDL2_mixer.framework */; };
		167E4B42253CFE920091FCEB /* SDL2_ttf.framework in Frameworks */ = {isa = PBXBuildFile; fileRef = 167E4B41253CFE920091FCEB /* SDL2_ttf.framework */; };
/* End PBXBuildFile section */

/* Begin PBXCopyFilesBuildPhase section */
		16028AD3253B579D000B0C57 /* CopyFiles */ = {
			isa = PBXCopyFilesBuildPhase;
			buildActionMask = 2147483647;
			dstPath = /usr/share/man/man1/;
			dstSubfolderSpec = 0;
			files = (
			);
			runOnlyForDeploymentPostprocessing = 1;
		};
/* End PBXCopyFilesBuildPhase section */

/* Begin PBXFileReference section */
		16028AD5253B579D000B0C57 /* detective_bayes */ = {isa = PBXFileReference; explicitFileType = "compiled.mach-o.executable"; includeInIndex = 0; path = detective_bayes; sourceTree = BUILT_PRODUCTS_DIR; };
		16028AD8253B579D000B0C57 /* main.c */ = {isa = PBXFileReference; lastKnownFileType = sourcecode.c.c; path = main.c; sourceTree = "<group>"; };
		16028AE1253B57EE000B0C57 /* SDL2_image.framework */ = {isa = PBXFileReference; lastKnownFileType = wrapper.framework; name = SDL2_image.framework; path = ../../../../../Library/Frameworks/SDL2_image.framework; sourceTree = "<group>"; };
		16028AE2253B57EE000B0C57 /* SDL2.framework */ = {isa = PBXFileReference; lastKnownFileType = wrapper.framework; name = SDL2.framework; path = ../../../../../Library/Frameworks/SDL2.framework; sourceTree = "<group>"; };
		167E4B2B253B832C0091FCEB /* game.h */ = {isa = PBXFileReference; lastKnownFileType = sourcecode.c.h; path = game.h; sourceTree = "<group>"; };
		167E4B38253BCD610091FCEB /* rv.h */ = {isa = PBXFileReference; lastKnownFileType = sourcecode.c.h; path = rv.h; sourceTree = "<group>"; };
		167E4B3E253CF2AF0091FCEB /* SDL2_mixer.framework */ = {isa = PBXFileReference; lastKnownFileType = wrapper.framework; name = SDL2_mixer.framework; path = ../../../../../Library/Frameworks/SDL2_mixer.framework; sourceTree = "<group>"; };
		167E4B41253CFE920091FCEB /* SDL2_ttf.framework */ = {isa = PBXFileReference; lastKnownFileType = wrapper.framework; name = SDL2_ttf.framework; path = ../../../../../Library/Frameworks/SDL2_ttf.framework; sourceTree = "<group>"; };
		167E4B49253D28200091FCEB /* Roboto-Black.ttf */ = {isa = PBXFileReference; lastKnownFileType = file; path = "Roboto-Black.ttf"; sourceTree = "<group>"; };
/* End PBXFileReference section */

/* Begin PBXFrameworksBuildPhase section */
		16028AD2253B579D000B0C57 /* Frameworks */ = {
			isa = PBXFrameworksBuildPhase;
			buildActionMask = 2147483647;
			files = (
				167E4B42253CFE920091FCEB /* SDL2_ttf.framework in Frameworks */,
				167E4B3F253CF2AF0091FCEB /* SDL2_mixer.framework in Frameworks */,
				16028AE3253B57EF000B0C57 /* SDL2_image.framework in Frameworks */,
				16028AE4253B57EF000B0C57 /* SDL2.framework in Frameworks */,
			);
			runOnlyForDeploymentPostprocessing = 0;
		};
/* End PBXFrameworksBuildPhase section */

/* Begin PBXGroup section */
		16028ACC253B579D000B0C57 = {
			isa = PBXGroup;
			children = (
				16028AD7253B579D000B0C57 /* detective_bayes */,
				16028AD6253B579D000B0C57 /* Products */,
				16028AE0253B57EE000B0C57 /* Frameworks */,
			);
			sourceTree = "<group>";
		};
		16028AD6253B579D000B0C57 /* Products */ = {
			isa = PBXGroup;
			children = (
				16028AD5253B579D000B0C57 /* detective_bayes */,
			);
			name = Products;
			sourceTree = "<group>";
		};
		16028AD7253B579D000B0C57 /* detective_bayes */ = {
			isa = PBXGroup;
			children = (
				167E4B49253D28200091FCEB /* Roboto-Black.ttf */,
				16028AD8253B579D000B0C57 /* main.c */,
				167E4B38253BCD610091FCEB /* rv.h */,
				167E4B2B253B832C0091FCEB /* game.h */,
			);
			path = detective_bayes;
			sourceTree = "<group>";
		};
		16028AE0253B57EE000B0C57 /* Frameworks */ = {
			isa = PBXGroup;
			children = (
				167E4B41253CFE920091FCEB /* SDL2_ttf.framework */,
				167E4B3E253CF2AF0091FCEB /* SDL2_mixer.framework */,
				16028AE1253B57EE000B0C57 /* SDL2_image.framework */,
				16028AE2253B57EE000B0C57 /* SDL2.framework */,
			);
			name = Frameworks;
			sourceTree = "<group>";
		};
/* End PBXGroup section */

/* Begin PBXNativeTarget section */
		16028AD4253B579D000B0C57 /* detective_bayes */ = {
			isa = PBXNativeTarget;
			buildConfigurationList = 16028ADC253B579D000B0C57 /* Build configuration list for PBXNativeTarget "detective_bayes" */;
			buildPhases = (
				16028AD1253B579D000B0C57 /* Sources */,
				16028AD2253B579D000B0C57 /* Frameworks */,
				16028AD3253B579D000B0C57 /* CopyFiles */,
			);
			buildRules = (
			);
			dependencies = (
			);
			name = detective_bayes;
			productName = detective_bayes;
			productReference = 16028AD5253B579D000B0C57 /* detective_bayes */;
			productType = "com.apple.product-type.tool";
		};
/* End PBXNativeTarget section */

/* Begin PBXProject section */
		16028ACD253B579D000B0C57 /* Project object */ = {
			isa = PBXProject;
			attributes = {
				LastUpgradeCheck = 1200;
				TargetAttributes = {
					16028AD4253B579D000B0C57 = {
						CreatedOnToolsVersion = 12.0.1;
					};
				};
			};
			buildConfigurationList = 16028AD0253B579D000B0C57 /* Build configuration list for PBXProject "detective_bayes" */;
			compatibilityVersion = "Xcode 9.3";
			developmentRegion = en;
			hasScannedForEncodings = 0;
			knownRegions = (
				en,
				Base,
			);
			mainGroup = 16028ACC253B579D000B0C57;
			productRefGroup = 16028AD6253B579D000B0C57 /* Products */;
			projectDirPath = "";
			projectRoot = "";
			targets = (
				16028AD4253B579D000B0C57 /* detective_bayes */,
			);
		};
/* End PBXProject section */

/* Begin PBXSourcesBuildPhase section */
		16028AD1253B579D000B0C57 /* Sources */ = {
			isa = PBXSourcesBuildPhase;
			buildActionMask = 2147483647;
			files = (
				16028AD9253B579D000B0C57 /* main.c in Sources */,
				167E4B39253BCD610091FCEB /* rv.h in Sources */,
			);
			runOnlyForDeploymentPostprocessing = 0;
		};
/* End PBXSourcesBuildPhase section */

/* Begin XCBuildConfiguration section */
		16028ADA253B579D000B0C57 /* Debug */ = {
			isa = XCBuildConfiguration;
			buildSettings = {
				ALWAYS_SEARCH_USER_PATHS = NO;
				CLANG_ANALYZER_NONNULL = YES;
				CLANG_ANALYZER_NUMBER_OBJECT_CONVERSION = YES_AGGRESSIVE;
				CLANG_CXX_LANGUAGE_STANDARD = "gnu++14";
				CLANG_CXX_LIBRARY = "libc++";
				CLANG_ENABLE_MODULES = YES;
				CLANG_ENABLE_OBJC_ARC = YES;
				CLANG_ENABLE_OBJC_WEAK = YES;
				CLANG_WARN_BLOCK_CAPTURE_AUTORELEASING = YES;
				CLANG_WARN_BOOL_CONVERSION = YES;
				CLANG_WARN_COMMA = YES;
				CLANG_WARN_CONSTANT_CONVERSION = YES;
				CLANG_WARN_DEPRECATED_OBJC_IMPLEMENTATIONS = YES;
				CLANG_WARN_DIRECT_OBJC_ISA_USAGE = YES_ERROR;
				CLANG_WARN_DOCUMENTATION_COMMENTS = YES;
				CLANG_WARN_EMPTY_BODY = YES;
				CLANG_WARN_ENUM_CONVERSION = YES;
				CLANG_WARN_INFINITE_RECURSION = YES;
				CLANG_WARN_INT_CONVERSION = YES;
				CLANG_WARN_NON_LITERAL_NULL_CONVERSION = YES;
				CLANG_WARN_OBJC_IMPLICIT_RETAIN_SELF = YES;
				CLANG_WARN_OBJC_LITERAL_CONVERSION = YES;
				CLANG_WARN_OBJC_ROOT_CLASS = YES_ERROR;
				CLANG_WARN_QUOTED_INCLUDE_IN_FRAMEWORK_HEADER = YES;
				CLANG_WARN_RANGE_LOOP_ANALYSIS = YES;
				CLANG_WARN_STRICT_PROTOTYPES = YES;
				CLANG_WARN_SUSPICIOUS_MOVE = YES;
				CLANG_WARN_UNGUARDED_AVAILABILITY = YES_AGGRESSIVE;
				CLANG_WARN_UNREACHABLE_CODE = YES;
				CLANG_WARN__DUPLICATE_METHOD_MATCH = YES;
				COPY_PHASE_STRIP = NO;
				DEBUG_INFORMATION_FORMAT = dwarf;
				ENABLE_STRICT_OBJC_MSGSEND = YES;
				ENABLE_TESTABILITY = YES;
				GCC_C_LANGUAGE_STANDARD = gnu11;
				GCC_DYNAMIC_NO_PIC = NO;
				GCC_NO_COMMON_BLOCKS = YES;
				GCC_OPTIMIZATION_LEVEL = 0;
				GCC_PREPROCESSOR_DEFINITIONS = (
					"DEBUG=1",
					"$(inherited)",
				);
				GCC_WARN_64_TO_32_BIT_CONVERSION = YES;
				GCC_WARN_ABOUT_RETURN_TYPE = YES_ERROR;
				GCC_WARN_UNDECLARED_SELECTOR = YES;
				GCC_WARN_UNINITIALIZED_AUTOS = YES_AGGRESSIVE;
				GCC_WARN_UNUSED_FUNCTION = YES;
				GCC_WARN_UNUSED_VARIABLE = YES;
				MACOSX_DEPLOYMENT_TARGET = 10.15;
				MTL_ENABLE_DEBUG_INFO = INCLUDE_SOURCE;
				MTL_FAST_MATH = YES;
				ONLY_ACTIVE_ARCH = YES;
				SDKROOT = macosx;
			};
			name = Debug;
		};
		16028ADB253B579D000B0C57 /* Release */ = {
			isa = XCBuildConfiguration;
			buildSettings = {
				ALWAYS_SEARCH_USER_PATHS = NO;
				CLANG_ANALYZER_NONNULL = YES;
				CLANG_ANALYZER_NUMBER_OBJECT_CONVERSION = YES_AGGRESSIVE;
				CLANG_CXX_LANGUAGE_STANDARD = "gnu++14";
				CLANG_CXX_LIBRARY = "libc++";
				CLANG_ENABLE_MODULES = YES;
				CLANG_ENABLE_OBJC_ARC = YES;
				CLANG_ENABLE_OBJC_WEAK = YES;
				CLANG_WARN_BLOCK_CAPTURE_AUTORELEASING = YES;
				CLANG_WARN_BOOL_CONVERSION = YES;
				CLANG_WARN_COMMA = YES;
				CLANG_WARN_CONSTANT_CONVERSION = YES;
				CLANG_WARN_DEPRECATED_OBJC_IMPLEMENTATIONS = YES;
				CLANG_WARN_DIRECT_OBJC_ISA_USAGE = YES_ERROR;
				CLANG_WARN_DOCUMENTATION_COMMENTS = YES;
				CLANG_WARN_EMPTY_BODY = YES;
				CLANG_WARN_ENUM_CONVERSION = YES;
				CLANG_WARN_INFINITE_RECURSION = YES;
				CLANG_WARN_INT_CONVERSION = YES;
				CLANG_WARN_NON_LITERAL_NULL_CONVERSION = YES;
				CLANG_WARN_OBJC_IMPLICIT_RETAIN_SELF = YES;
				CLANG_WARN_OBJC_LITERAL_CONVERSION = YES;
				CLANG_WARN_OBJC_ROOT_CLASS = YES_ERROR;
				CLANG_WARN_QUOTED_INCLUDE_IN_FRAMEWORK_HEADER = YES;
				CLANG_WARN_RANGE_LOOP_ANALYSIS = YES;
				CLANG_WARN_STRICT_PROTOTYPES = YES;
				CLANG_WARN_SUSPICIOUS_MOVE = YES;
				CLANG_WARN_UNGUARDED_AVAILABILITY = YES_AGGRESSIVE;
				CLANG_WARN_UNREACHABLE_CODE = YES;
				CLANG_WARN__DUPLICATE_METHOD_MATCH = YES;
				COPY_PHASE_STRIP = NO;
				DEBUG_INFORMATION_FORMAT = "dwarf-with-dsym";
				ENABLE_NS_ASSERTIONS = NO;
				ENABLE_STRICT_OBJC_MSGSEND = YES;
				GCC_C_LANGUAGE_STANDARD = gnu11;
				GCC_NO_COMMON_BLOCKS = YES;
				GCC_WARN_64_TO_32_BIT_CONVERSION = YES;
				GCC_WARN_ABOUT_RETURN_TYPE = YES_ERROR;
				GCC_WARN_UNDECLARED_SELECTOR = YES;
				GCC_WARN_UNINITIALIZED_AUTOS = YES_AGGRESSIVE;
				GCC_WARN_UNUSED_FUNCTION = YES;
				GCC_WARN_UNUSED_VARIABLE = YES;
				MACOSX_DEPLOYMENT_TARGET = 10.15;
				MTL_ENABLE_DEBUG_INFO = NO;
				MTL_FAST_MATH = YES;
				SDKROOT = macosx;
			};
			name = Release;
		};
		16028ADD253B579D000B0C57 /* Debug */ = {
			isa = XCBuildConfiguration;
			buildSettings = {
				CODE_SIGN_STYLE = Automatic;
				FRAMEWORK_SEARCH_PATHS = (
					"$(inherited)",
					"$(LOCAL_LIBRARY_DIR)/Frameworks",
				);
				PRODUCT_NAME = "$(TARGET_NAME)";
			};
			name = Debug;
		};
		16028ADE253B579D000B0C57 /* Release */ = {
			isa = XCBuildConfiguration;
			buildSettings = {
				CODE_SIGN_STYLE = Automatic;
				FRAMEWORK_SEARCH_PATHS = (
					"$(inherited)",
					"$(LOCAL_LIBRARY_DIR)/Frameworks",
				);
				PRODUCT_NAME = "$(TARGET_NAME)";
			};
			name = Release;
		};
/* End XCBuildConfiguration section */

/* Begin XCConfigurationList section */
		16028AD0253B579D000B0C57 /* Build configuration list for PBXProject "detective_bayes" */ = {
			isa = XCConfigurationList;
			buildConfigurations = (
				16028ADA253B579D000B0C57 /* Debug */,
				16028ADB253B579D000B0C57 /* Release */,
			);
			defaultConfigurationIsVisible = 0;
			defaultConfigurationName = Release;
		};
		16028ADC253B579D000B0C57 /* Build configuration list for PBXNativeTarget "detective_bayes" */ = {
			isa = XCConfigurationList;
			buildConfigurations = (
				16028ADD253B579D000B0C57 /* Debug */,
				16028ADE253B579D000B0C57 /* Release */,
			);
			defaultConfigurationIsVisible = 0;
			defaultConfigurationName = Release;
		};
/* End XCConfigurationList section */
	};
	rootObject = 16028ACD253B579D000B0C57 /* Project object */;
}
